<?xml version="1.0" encoding="UTF-8" standalone="yes" ?>
<CodeBlocks_project_file>
	<FileVersion major="1" minor="6" />
	<Project>
		<Option title="Shapes" />
		<Option pch_mode="2" />
		<Option compiler="gcc" />
		<Build>
			<Target title="Debug">
				<Option output="bin/Debug/Shapes" prefix_auto="1" extension_auto="1" />
				<Option object_output="obj/Debug/" />
				<Option type="1" />
				<Option compiler="gcc" />
				<Compiler>
					<Add option="-g" />
					<Add option="-D__DEBUG" />
				</Compiler>
			</Target>
			<Target title="Release">
				<Option output="bin/Release/Shapes" prefix_auto="1" extension_auto="1" />
				<Option object_output="obj/Release/" />
				<Option type="1" />
				<Option compiler="gcc" />
				<Compiler>
					<Add option="-O2" />
				</Compiler>
				<Linker>
					<Add option="-s" />
				</Linker>
			</Target>
		</Build>
		<Compiler>
			<Add option="-Wall" />
			<Add option="-fexceptions" />
		</Compiler>
		<Unit filename="lib/2d/circle.h" />
		<Unit filename="lib/2d/ellipse.h" />
		<Unit filename="lib/2d/freehand.h" />
		<Unit filename="lib/2d/line.h" />
		<Unit filename="lib/2d/parable.h" />
		<Unit filename="lib/2d/rect.h" />
		<Unit filename="lib/2d/square.h" />
		<Unit filename="lib/base/shape.h" />
		<Unit filename="lib/base/shape2d.h" />
		<Unit filename="lib/base/shape3d.h" />
		<Unit filename="lib/color/color.cpp" />
		<Unit filename="lib/color/color.h" />
		<Unit filename="lib/color/rgb.h" />
		<Unit filename="lib/coords/point2d.h" />
		<Unit filename="lib/coords/point3d.h" />
		<Unit filename="main.cpp" />
		<Unit filename="shapes.h" />
		<Extensions>
			<lib_finder disable_auto="1" />
		</Extensions>
	</Project>
</CodeBlocks_project_file>
